// !$*UTF8*$!
{
	archiveVersion = 1;
	classes = {
	};
	objectVersion = 77;
	objects = {

/* Begin PBXBuildFile section */
		6E352D742D4683EF0096AC3E /* FirebaseAnalytics in Frameworks */ = {isa = PBXBuildFile; productRef = 6E352D732D4683EF0096AC3E /* FirebaseAnalytics */; };
		6E352D762D4683EF0096AC3E /* FirebaseAnalyticsOnDeviceConversion in Frameworks */ = {isa = PBXBuildFile; productRef = 6E352D752D4683EF0096AC3E /* FirebaseAnalyticsOnDeviceConversion */; };
		6E352D782D4683EF0096AC3E /* FirebaseAnalyticsWithoutAdIdSupport in Frameworks */ = {isa = PBXBuildFile; productRef = 6E352D772D4683EF0096AC3E /* FirebaseAnalyticsWithoutAdIdSupport */; };
		6E352D7A2D4683EF0096AC3E /* FirebaseAppCheck in Frameworks */ = {isa = PBXBuildFile; productRef = 6E352D792D4683EF0096AC3E /* FirebaseAppCheck */; };
		6E352D7C2D4683EF0096AC3E /* FirebaseAppDistribution-Beta in Frameworks */ = {isa = PBXBuildFile; productRef = 6E352D7B2D4683EF0096AC3E /* FirebaseAppDistribution-Beta */; };
		6E352D7E2D4683EF0096AC3E /* FirebaseAuth in Frameworks */ = {isa = PBXBuildFile; productRef = 6E352D7D2D4683EF0096AC3E /* FirebaseAuth */; };
		6E352D802D4683EF0096AC3E /* FirebaseAuthCombine-Community in Frameworks */ = {isa = PBXBuildFile; productRef = 6E352D7F2D4683EF0096AC3E /* FirebaseAuthCombine-Community */; };
		6E352D822D4683EF0096AC3E /* FirebaseCore in Frameworks */ = {isa = PBXBuildFile; productRef = 6E352D812D4683EF0096AC3E /* FirebaseCore */; };
		6E352D842D4683EF0096AC3E /* FirebaseCrashlytics in Frameworks */ = {isa = PBXBuildFile; productRef = 6E352D832D4683EF0096AC3E /* FirebaseCrashlytics */; };
		6E352D862D4683EF0096AC3E /* FirebaseDatabase in Frameworks */ = {isa = PBXBuildFile; productRef = 6E352D852D4683EF0096AC3E /* FirebaseDatabase */; };
		6E352D882D4683EF0096AC3E /* FirebaseDynamicLinks in Frameworks */ = {isa = PBXBuildFile; productRef = 6E352D872D4683EF0096AC3E /* FirebaseDynamicLinks */; };
		6E352D8A2D4683EF0096AC3E /* FirebaseFirestore in Frameworks */ = {isa = PBXBuildFile; productRef = 6E352D892D4683EF0096AC3E /* FirebaseFirestore */; };
		6E352D8C2D4683EF0096AC3E /* FirebaseFirestoreCombine-Community in Frameworks */ = {isa = PBXBuildFile; productRef = 6E352D8B2D4683EF0096AC3E /* FirebaseFirestoreCombine-Community */; };
		6E352D8E2D4683EF0096AC3E /* FirebaseFunctions in Frameworks */ = {isa = PBXBuildFile; productRef = 6E352D8D2D4683EF0096AC3E /* FirebaseFunctions */; };
		6E352D902D4683EF0096AC3E /* FirebaseFunctionsCombine-Community in Frameworks */ = {isa = PBXBuildFile; productRef = 6E352D8F2D4683EF0096AC3E /* FirebaseFunctionsCombine-Community */; };
		6E352D922D4683EF0096AC3E /* FirebaseInAppMessaging-Beta in Frameworks */ = {isa = PBXBuildFile; productRef = 6E352D912D4683EF0096AC3E /* FirebaseInAppMessaging-Beta */; };
		6E352D942D4683EF0096AC3E /* FirebaseInstallations in Frameworks */ = {isa = PBXBuildFile; productRef = 6E352D932D4683EF0096AC3E /* FirebaseInstallations */; };
		6E352D962D4683EF0096AC3E /* FirebaseMLModelDownloader in Frameworks */ = {isa = PBXBuildFile; productRef = 6E352D952D4683EF0096AC3E /* FirebaseMLModelDownloader */; };
		6E352D982D4683EF0096AC3E /* FirebaseMessaging in Frameworks */ = {isa = PBXBuildFile; productRef = 6E352D972D4683EF0096AC3E /* FirebaseMessaging */; };
		6E352D9A2D4683EF0096AC3E /* FirebasePerformance in Frameworks */ = {isa = PBXBuildFile; productRef = 6E352D992D4683EF0096AC3E /* FirebasePerformance */; };
		6E352D9C2D4683EF0096AC3E /* FirebaseRemoteConfig in Frameworks */ = {isa = PBXBuildFile; productRef = 6E352D9B2D4683EF0096AC3E /* FirebaseRemoteConfig */; };
		6E352D9E2D4683EF0096AC3E /* FirebaseStorage in Frameworks */ = {isa = PBXBuildFile; productRef = 6E352D9D2D4683EF0096AC3E /* FirebaseStorage */; };
		6E352DA02D4683EF0096AC3E /* FirebaseStorageCombine-Community in Frameworks */ = {isa = PBXBuildFile; productRef = 6E352D9F2D4683EF0096AC3E /* FirebaseStorageCombine-Community */; };
		6E352DA22D4683EF0096AC3E /* FirebaseVertexAI in Frameworks */ = {isa = PBXBuildFile; productRef = 6E352DA12D4683EF0096AC3E /* FirebaseVertexAI */; };
		6EFF52172D484DCE00BFE462 /* GoogleSignIn in Frameworks */ = {isa = PBXBuildFile; productRef = 6EFF52162D484DCE00BFE462 /* GoogleSignIn */; };
		6EFF52192D484DCE00BFE462 /* GoogleSignInSwift in Frameworks */ = {isa = PBXBuildFile; productRef = 6EFF52182D484DCE00BFE462 /* GoogleSignInSwift */; };
/* End PBXBuildFile section */

/* Begin PBXFileReference section */
		6E352CA32D4442640096AC3E /* Bubble.app */ = {isa = PBXFileReference; explicitFileType = wrapper.application; includeInIndex = 0; path = Bubble.app; sourceTree = BUILT_PRODUCTS_DIR; };
/* End PBXFileReference section */

/* Begin PBXFileSystemSynchronizedBuildFileExceptionSet section */
		6EFF52132D48486D00BFE462 /* Exceptions for "Bubble" folder in "Bubble" target */ = {
			isa = PBXFileSystemSynchronizedBuildFileExceptionSet;
			membershipExceptions = (
				Info.plist,
			);
			target = 6E352CA22D4442640096AC3E /* Bubble */;
		};
/* End PBXFileSystemSynchronizedBuildFileExceptionSet section */

/* Begin PBXFileSystemSynchronizedRootGroup section */
		6E352CA52D4442640096AC3E /* Bubble */ = {
			isa = PBXFileSystemSynchronizedRootGroup;
			exceptions = (
				6EFF52132D48486D00BFE462 /* Exceptions for "Bubble" folder in "Bubble" target */,
			);
			path = Bubble;
			sourceTree = "<group>";
		};
/* End PBXFileSystemSynchronizedRootGroup section */

/* Begin PBXFrameworksBuildPhase section */
		6E352CA02D4442640096AC3E /* Frameworks */ = {
			isa = PBXFrameworksBuildPhase;
			buildActionMask = 2147483647;
			files = (
				6E352D8C2D4683EF0096AC3E /* FirebaseFirestoreCombine-Community in Frameworks */,
				6E352DA22D4683EF0096AC3E /* FirebaseVertexAI in Frameworks */,
				6E352D8E2D4683EF0096AC3E /* FirebaseFunctions in Frameworks */,
				6E352D9A2D4683EF0096AC3E /* FirebasePerformance in Frameworks */,
				6E352DA02D4683EF0096AC3E /* FirebaseStorageCombine-Community in Frameworks */,
				6EFF52192D484DCE00BFE462 /* GoogleSignInSwift in Frameworks */,
				6E352D9C2D4683EF0096AC3E /* FirebaseRemoteConfig in Frameworks */,
				6E352D862D4683EF0096AC3E /* FirebaseDatabase in Frameworks */,
				6E352D882D4683EF0096AC3E /* FirebaseDynamicLinks in Frameworks */,
				6E352D7A2D4683EF0096AC3E /* FirebaseAppCheck in Frameworks */,
				6E352D7E2D4683EF0096AC3E /* FirebaseAuth in Frameworks */,
				6E352D742D4683EF0096AC3E /* FirebaseAnalytics in Frameworks */,
				6E352D8A2D4683EF0096AC3E /* FirebaseFirestore in Frameworks */,
				6E352D982D4683EF0096AC3E /* FirebaseMessaging in Frameworks */,
				6E352D942D4683EF0096AC3E /* FirebaseInstallations in Frameworks */,
				6E352D902D4683EF0096AC3E /* FirebaseFunctionsCombine-Community in Frameworks */,
				6EFF52172D484DCE00BFE462 /* GoogleSignIn in Frameworks */,
				6E352D7C2D4683EF0096AC3E /* FirebaseAppDistribution-Beta in Frameworks */,
				6E352D782D4683EF0096AC3E /* FirebaseAnalyticsWithoutAdIdSupport in Frameworks */,
				6E352D922D4683EF0096AC3E /* FirebaseInAppMessaging-Beta in Frameworks */,
				6E352D802D4683EF0096AC3E /* FirebaseAuthCombine-Community in Frameworks */,
				6E352D842D4683EF0096AC3E /* FirebaseCrashlytics in Frameworks */,
				6E352D962D4683EF0096AC3E /* FirebaseMLModelDownloader in Frameworks */,
				6E352D9E2D4683EF0096AC3E /* FirebaseStorage in Frameworks */,
				6E352D822D4683EF0096AC3E /* FirebaseCore in Frameworks */,
				6E352D762D4683EF0096AC3E /* FirebaseAnalyticsOnDeviceConversion in Frameworks */,
			);
			runOnlyForDeploymentPostprocessing = 0;
		};
/* End PBXFrameworksBuildPhase section */

/* Begin PBXGroup section */
		6E352C9A2D4442640096AC3E = {
			isa = PBXGroup;
			children = (
				6E352CA52D4442640096AC3E /* Bubble */,
				6EFF52142D484ACC00BFE462 /* Frameworks */,
				6E352CA42D4442640096AC3E /* Products */,
			);
			sourceTree = "<group>";
		};
		6E352CA42D4442640096AC3E /* Products */ = {
			isa = PBXGroup;
			children = (
				6E352CA32D4442640096AC3E /* Bubble.app */,
			);
			name = Products;
			sourceTree = "<group>";
		};
		6EFF52142D484ACC00BFE462 /* Frameworks */ = {
			isa = PBXGroup;
			children = (
			);
			name = Frameworks;
			sourceTree = "<group>";
		};
/* End PBXGroup section */

/* Begin PBXNativeTarget section */
		6E352CA22D4442640096AC3E /* Bubble */ = {
			isa = PBXNativeTarget;
			buildConfigurationList = 6E352CB12D4442670096AC3E /* Build configuration list for PBXNativeTarget "Bubble" */;
			buildPhases = (
				6E352C9F2D4442640096AC3E /* Sources */,
				6E352CA02D4442640096AC3E /* Frameworks */,
				6E352CA12D4442640096AC3E /* Resources */,
			);
			buildRules = (
			);
			dependencies = (
			);
			fileSystemSynchronizedGroups = (
				6E352CA52D4442640096AC3E /* Bubble */,
			);
			name = Bubble;
			packageProductDependencies = (
				6E352D732D4683EF0096AC3E /* FirebaseAnalytics */,
				6E352D752D4683EF0096AC3E /* FirebaseAnalyticsOnDeviceConversion */,
				6E352D772D4683EF0096AC3E /* FirebaseAnalyticsWithoutAdIdSupport */,
				6E352D792D4683EF0096AC3E /* FirebaseAppCheck */,
				6E352D7B2D4683EF0096AC3E /* FirebaseAppDistribution-Beta */,
				6E352D7D2D4683EF0096AC3E /* FirebaseAuth */,
				6E352D7F2D4683EF0096AC3E /* FirebaseAuthCombine-Community */,
				6E352D812D4683EF0096AC3E /* FirebaseCore */,
				6E352D832D4683EF0096AC3E /* FirebaseCrashlytics */,
				6E352D852D4683EF0096AC3E /* FirebaseDatabase */,
				6E352D872D4683EF0096AC3E /* FirebaseDynamicLinks */,
				6E352D892D4683EF0096AC3E /* FirebaseFirestore */,
				6E352D8B2D4683EF0096AC3E /* FirebaseFirestoreCombine-Community */,
				6E352D8D2D4683EF0096AC3E /* FirebaseFunctions */,
				6E352D8F2D4683EF0096AC3E /* FirebaseFunctionsCombine-Community */,
				6E352D912D4683EF0096AC3E /* FirebaseInAppMessaging-Beta */,
				6E352D932D4683EF0096AC3E /* FirebaseInstallations */,
				6E352D952D4683EF0096AC3E /* FirebaseMLModelDownloader */,
				6E352D972D4683EF0096AC3E /* FirebaseMessaging */,
				6E352D992D4683EF0096AC3E /* FirebasePerformance */,
				6E352D9B2D4683EF0096AC3E /* FirebaseRemoteConfig */,
				6E352D9D2D4683EF0096AC3E /* FirebaseStorage */,
				6E352D9F2D4683EF0096AC3E /* FirebaseStorageCombine-Community */,
				6E352DA12D4683EF0096AC3E /* FirebaseVertexAI */,
				6EFF52162D484DCE00BFE462 /* GoogleSignIn */,
				6EFF52182D484DCE00BFE462 /* GoogleSignInSwift */,
			);
			productName = Bubble;
			productReference = 6E352CA32D4442640096AC3E /* Bubble.app */;
			productType = "com.apple.product-type.application";
		};
/* End PBXNativeTarget section */

/* Begin PBXProject section */
		6E352C9B2D4442640096AC3E /* Project object */ = {
			isa = PBXProject;
			attributes = {
				BuildIndependentTargetsInParallel = 1;
				LastSwiftUpdateCheck = 1620;
				LastUpgradeCheck = 1620;
				TargetAttributes = {
					6E352CA22D4442640096AC3E = {
						CreatedOnToolsVersion = 16.2;
					};
				};
			};
			buildConfigurationList = 6E352C9E2D4442640096AC3E /* Build configuration list for PBXProject "Bubble" */;
			developmentRegion = en;
			hasScannedForEncodings = 0;
			knownRegions = (
				en,
				Base,
			);
			mainGroup = 6E352C9A2D4442640096AC3E;
			minimizedProjectReferenceProxies = 1;
			packageReferences = (
				6E352D6F2D46818D0096AC3E /* XCRemoteSwiftPackageReference "firebase-ios-sdk" */,
				6EFF52152D484DCE00BFE462 /* XCRemoteSwiftPackageReference "GoogleSignIn-iOS" */,
			);
			preferredProjectObjectVersion = 77;
			productRefGroup = 6E352CA42D4442640096AC3E /* Products */;
			projectDirPath = "";
			projectRoot = "";
			targets = (
				6E352CA22D4442640096AC3E /* Bubble */,
			);
		};
/* End PBXProject section */

/* Begin PBXResourcesBuildPhase section */
		6E352CA12D4442640096AC3E /* Resources */ = {
			isa = PBXResourcesBuildPhase;
			buildActionMask = 2147483647;
			files = (
			);
			runOnlyForDeploymentPostprocessing = 0;
		};
/* End PBXResourcesBuildPhase section */

/* Begin PBXSourcesBuildPhase section */
		6E352C9F2D4442640096AC3E /* Sources */ = {
			isa = PBXSourcesBuildPhase;
			buildActionMask = 2147483647;
			files = (
			);
			runOnlyForDeploymentPostprocessing = 0;
		};
/* End PBXSourcesBuildPhase section */

/* Begin XCBuildConfiguration section */
		6E352CAF2D4442670096AC3E /* Debug */ = {
			isa = XCBuildConfiguration;
			buildSettings = {
				ALWAYS_SEARCH_USER_PATHS = NO;
				ASSETCATALOG_COMPILER_GENERATE_SWIFT_ASSET_SYMBOL_EXTENSIONS = YES;
				CLANG_ANALYZER_NONNULL = YES;
				CLANG_ANALYZER_NUMBER_OBJECT_CONVERSION = YES_AGGRESSIVE;
				CLANG_CXX_LANGUAGE_STANDARD = "gnu++20";
				CLANG_ENABLE_MODULES = YES;
				CLANG_ENABLE_OBJC_ARC = YES;
				CLANG_ENABLE_OBJC_WEAK = YES;
				CLANG_WARN_BLOCK_CAPTURE_AUTORELEASING = YES;
				CLANG_WARN_BOOL_CONVERSION = YES;
				CLANG_WARN_COMMA = YES;
				CLANG_WARN_CONSTANT_CONVERSION = YES;
				CLANG_WARN_DEPRECATED_OBJC_IMPLEMENTATIONS = YES;
				CLANG_WARN_DIRECT_OBJC_ISA_USAGE = YES_ERROR;
				CLANG_WARN_DOCUMENTATION_COMMENTS = YES;
				CLANG_WARN_EMPTY_BODY = YES;
				CLANG_WARN_ENUM_CONVERSION = YES;
				CLANG_WARN_INFINITE_RECURSION = YES;
				CLANG_WARN_INT_CONVERSION = YES;
				CLANG_WARN_NON_LITERAL_NULL_CONVERSION = YES;
				CLANG_WARN_OBJC_IMPLICIT_RETAIN_SELF = YES;
				CLANG_WARN_OBJC_LITERAL_CONVERSION = YES;
				CLANG_WARN_OBJC_ROOT_CLASS = YES_ERROR;
				CLANG_WARN_QUOTED_INCLUDE_IN_FRAMEWORK_HEADER = YES;
				CLANG_WARN_RANGE_LOOP_ANALYSIS = YES;
				CLANG_WARN_STRICT_PROTOTYPES = YES;
				CLANG_WARN_SUSPICIOUS_MOVE = YES;
				CLANG_WARN_UNGUARDED_AVAILABILITY = YES_AGGRESSIVE;
				CLANG_WARN_UNREACHABLE_CODE = YES;
				CLANG_WARN__DUPLICATE_METHOD_MATCH = YES;
				COPY_PHASE_STRIP = NO;
				DEBUG_INFORMATION_FORMAT = dwarf;
				ENABLE_STRICT_OBJC_MSGSEND = YES;
				ENABLE_TESTABILITY = YES;
				ENABLE_USER_SCRIPT_SANDBOXING = YES;
				GCC_C_LANGUAGE_STANDARD = gnu17;
				GCC_DYNAMIC_NO_PIC = NO;
				GCC_NO_COMMON_BLOCKS = YES;
				GCC_OPTIMIZATION_LEVEL = 0;
				GCC_PREPROCESSOR_DEFINITIONS = (
					"DEBUG=1",
					"$(inherited)",
				);
				GCC_WARN_64_TO_32_BIT_CONVERSION = YES;
				GCC_WARN_ABOUT_RETURN_TYPE = YES_ERROR;
				GCC_WARN_UNDECLARED_SELECTOR = YES;
				GCC_WARN_UNINITIALIZED_AUTOS = YES_AGGRESSIVE;
				GCC_WARN_UNUSED_FUNCTION = YES;
				GCC_WARN_UNUSED_VARIABLE = YES;
				IPHONEOS_DEPLOYMENT_TARGET = 18.2;
				LOCALIZATION_PREFERS_STRING_CATALOGS = YES;
				MTL_ENABLE_DEBUG_INFO = INCLUDE_SOURCE;
				MTL_FAST_MATH = YES;
				ONLY_ACTIVE_ARCH = YES;
				SDKROOT = iphoneos;
				SWIFT_ACTIVE_COMPILATION_CONDITIONS = "DEBUG $(inherited)";
				SWIFT_OPTIMIZATION_LEVEL = "-Onone";
			};
			name = Debug;
		};
		6E352CB02D4442670096AC3E /* Release */ = {
			isa = XCBuildConfiguration;
			buildSettings = {
				ALWAYS_SEARCH_USER_PATHS = NO;
				ASSETCATALOG_COMPILER_GENERATE_SWIFT_ASSET_SYMBOL_EXTENSIONS = YES;
				CLANG_ANALYZER_NONNULL = YES;
				CLANG_ANALYZER_NUMBER_OBJECT_CONVERSION = YES_AGGRESSIVE;
				CLANG_CXX_LANGUAGE_STANDARD = "gnu++20";
				CLANG_ENABLE_MODULES = YES;
				CLANG_ENABLE_OBJC_ARC = YES;
				CLANG_ENABLE_OBJC_WEAK = YES;
				CLANG_WARN_BLOCK_CAPTURE_AUTORELEASING = YES;
				CLANG_WARN_BOOL_CONVERSION = YES;
				CLANG_WARN_COMMA = YES;
				CLANG_WARN_CONSTANT_CONVERSION = YES;
				CLANG_WARN_DEPRECATED_OBJC_IMPLEMENTATIONS = YES;
				CLANG_WARN_DIRECT_OBJC_ISA_USAGE = YES_ERROR;
				CLANG_WARN_DOCUMENTATION_COMMENTS = YES;
				CLANG_WARN_EMPTY_BODY = YES;
				CLANG_WARN_ENUM_CONVERSION = YES;
				CLANG_WARN_INFINITE_RECURSION = YES;
				CLANG_WARN_INT_CONVERSION = YES;
				CLANG_WARN_NON_LITERAL_NULL_CONVERSION = YES;
				CLANG_WARN_OBJC_IMPLICIT_RETAIN_SELF = YES;
				CLANG_WARN_OBJC_LITERAL_CONVERSION = YES;
				CLANG_WARN_OBJC_ROOT_CLASS = YES_ERROR;
				CLANG_WARN_QUOTED_INCLUDE_IN_FRAMEWORK_HEADER = YES;
				CLANG_WARN_RANGE_LOOP_ANALYSIS = YES;
				CLANG_WARN_STRICT_PROTOTYPES = YES;
				CLANG_WARN_SUSPICIOUS_MOVE = YES;
				CLANG_WARN_UNGUARDED_AVAILABILITY = YES_AGGRESSIVE;
				CLANG_WARN_UNREACHABLE_CODE = YES;
				CLANG_WARN__DUPLICATE_METHOD_MATCH = YES;
				COPY_PHASE_STRIP = NO;
				DEBUG_INFORMATION_FORMAT = "dwarf-with-dsym";
				ENABLE_NS_ASSERTIONS = NO;
				ENABLE_STRICT_OBJC_MSGSEND = YES;
				ENABLE_USER_SCRIPT_SANDBOXING = YES;
				GCC_C_LANGUAGE_STANDARD = gnu17;
				GCC_NO_COMMON_BLOCKS = YES;
				GCC_WARN_64_TO_32_BIT_CONVERSION = YES;
				GCC_WARN_ABOUT_RETURN_TYPE = YES_ERROR;
				GCC_WARN_UNDECLARED_SELECTOR = YES;
				GCC_WARN_UNINITIALIZED_AUTOS = YES_AGGRESSIVE;
				GCC_WARN_UNUSED_FUNCTION = YES;
				GCC_WARN_UNUSED_VARIABLE = YES;
				IPHONEOS_DEPLOYMENT_TARGET = 18.2;
				LOCALIZATION_PREFERS_STRING_CATALOGS = YES;
				MTL_ENABLE_DEBUG_INFO = NO;
				MTL_FAST_MATH = YES;
				SDKROOT = iphoneos;
				SWIFT_COMPILATION_MODE = wholemodule;
				VALIDATE_PRODUCT = YES;
			};
			name = Release;
		};
		6E352CB22D4442670096AC3E /* Debug */ = {
			isa = XCBuildConfiguration;
			buildSettings = {
				ASSETCATALOG_COMPILER_APPICON_NAME = AppIcon;
				ASSETCATALOG_COMPILER_GLOBAL_ACCENT_COLOR_NAME = AccentColor;
				CODE_SIGN_STYLE = Automatic;
				CURRENT_PROJECT_VERSION = 1;
				DEVELOPMENT_ASSET_PATHS = "\"Bubble/Preview Content\"";
				DEVELOPMENT_TEAM = "";
				ENABLE_PREVIEWS = YES;
				GENERATE_INFOPLIST_FILE = YES;
				INFOPLIST_FILE = Bubble/Info.plist;
				INFOPLIST_KEY_UIApplicationSceneManifest_Generation = YES;
				INFOPLIST_KEY_UIApplicationSupportsIndirectInputEvents = YES;
				INFOPLIST_KEY_UILaunchScreen_Generation = YES;
				INFOPLIST_KEY_UISupportedInterfaceOrientations_iPad = "UIInterfaceOrientationPortrait UIInterfaceOrientationPortraitUpsideDown UIInterfaceOrientationLandscapeLeft UIInterfaceOrientationLandscapeRight";
				INFOPLIST_KEY_UISupportedInterfaceOrientations_iPhone = "UIInterfaceOrientationPortrait UIInterfaceOrientationLandscapeLeft UIInterfaceOrientationLandscapeRight";
				LD_RUNPATH_SEARCH_PATHS = (
					"$(inherited)",
					"@executable_path/Frameworks",
				);
				MARKETING_VERSION = 1.0;
				PRODUCT_BUNDLE_IDENTIFIER = com.lordzzz.Bubble;
				PRODUCT_NAME = "$(TARGET_NAME)";
				SWIFT_EMIT_LOC_STRINGS = YES;
				SWIFT_VERSION = 6.0;
				TARGETED_DEVICE_FAMILY = "1,2";
			};
			name = Debug;
		};
		6E352CB32D4442670096AC3E /* Release */ = {
			isa = XCBuildConfiguration;
			buildSettings = {
				ASSETCATALOG_COMPILER_APPICON_NAME = AppIcon;
				ASSETCATALOG_COMPILER_GLOBAL_ACCENT_COLOR_NAME = AccentColor;
				CODE_SIGN_ENTITLEMENTS = Bubble/BubbleRelease.entitlements;
				CODE_SIGN_STYLE = Automatic;
				CURRENT_PROJECT_VERSION = 1;
				DEVELOPMENT_ASSET_PATHS = "\"Bubble/Preview Content\"";
				DEVELOPMENT_TEAM = "";
				ENABLE_PREVIEWS = YES;
				GENERATE_INFOPLIST_FILE = YES;
				INFOPLIST_FILE = Bubble/Info.plist;
				INFOPLIST_KEY_UIApplicationSceneManifest_Generation = YES;
				INFOPLIST_KEY_UIApplicationSupportsIndirectInputEvents = YES;
				INFOPLIST_KEY_UILaunchScreen_Generation = YES;
				INFOPLIST_KEY_UISupportedInterfaceOrientations_iPad = "UIInterfaceOrientationPortrait UIInterfaceOrientationPortraitUpsideDown UIInterfaceOrientationLandscapeLeft UIInterfaceOrientationLandscapeRight";
				INFOPLIST_KEY_UISupportedInterfaceOrientations_iPhone = "UIInterfaceOrientationPortrait UIInterfaceOrientationLandscapeLeft UIInterfaceOrientationLandscapeRight";
				LD_RUNPATH_SEARCH_PATHS = (
					"$(inherited)",
					"@executable_path/Frameworks",
				);
				MARKETING_VERSION = 1.0;
				PRODUCT_BUNDLE_IDENTIFIER = com.lordzzz.Bubble;
				PRODUCT_NAME = "$(TARGET_NAME)";
				SWIFT_EMIT_LOC_STRINGS = YES;
				SWIFT_VERSION = 6.0;
				TARGETED_DEVICE_FAMILY = "1,2";
			};
			name = Release;
		};
/* End XCBuildConfiguration section */

/* Begin XCConfigurationList section */
		6E352C9E2D4442640096AC3E /* Build configuration list for PBXProject "Bubble" */ = {
			isa = XCConfigurationList;
			buildConfigurations = (
				6E352CAF2D4442670096AC3E /* Debug */,
				6E352CB02D4442670096AC3E /* Release */,
			);
			defaultConfigurationIsVisible = 0;
			defaultConfigurationName = Release;
		};
		6E352CB12D4442670096AC3E /* Build configuration list for PBXNativeTarget "Bubble" */ = {
			isa = XCConfigurationList;
			buildConfigurations = (
				6E352CB22D4442670096AC3E /* Debug */,
				6E352CB32D4442670096AC3E /* Release */,
			);
			defaultConfigurationIsVisible = 0;
			defaultConfigurationName = Release;
		};
/* End XCConfigurationList section */

/* Begin XCRemoteSwiftPackageReference section */
		6E352D6F2D46818D0096AC3E /* XCRemoteSwiftPackageReference "firebase-ios-sdk" */ = {
			isa = XCRemoteSwiftPackageReference;
			repositoryURL = "https://github.com/firebase/firebase-ios-sdk";
			requirement = {
				kind = upToNextMajorVersion;
				minimumVersion = 11.7.0;
			};
		};
		6EFF52152D484DCE00BFE462 /* XCRemoteSwiftPackageReference "GoogleSignIn-iOS" */ = {
			isa = XCRemoteSwiftPackageReference;
			repositoryURL = "https://github.com/google/GoogleSignIn-iOS";
			requirement = {
				kind = upToNextMajorVersion;
				minimumVersion = 8.0.0;
			};
		};
/* End XCRemoteSwiftPackageReference section */

/* Begin XCSwiftPackageProductDependency section */
		6E352D732D4683EF0096AC3E /* FirebaseAnalytics */ = {
			isa = XCSwiftPackageProductDependency;
			package = 6E352D6F2D46818D0096AC3E /* XCRemoteSwiftPackageReference "firebase-ios-sdk" */;
			productName = FirebaseAnalytics;
		};
		6E352D752D4683EF0096AC3E /* FirebaseAnalyticsOnDeviceConversion */ = {
			isa = XCSwiftPackageProductDependency;
			package = 6E352D6F2D46818D0096AC3E /* XCRemoteSwiftPackageReference "firebase-ios-sdk" */;
			productName = FirebaseAnalyticsOnDeviceConversion;
		};
		6E352D772D4683EF0096AC3E /* FirebaseAnalyticsWithoutAdIdSupport */ = {
			isa = XCSwiftPackageProductDependency;
			package = 6E352D6F2D46818D0096AC3E /* XCRemoteSwiftPackageReference "firebase-ios-sdk" */;
			productName = FirebaseAnalyticsWithoutAdIdSupport;
		};
		6E352D792D4683EF0096AC3E /* FirebaseAppCheck */ = {
			isa = XCSwiftPackageProductDependency;
			package = 6E352D6F2D46818D0096AC3E /* XCRemoteSwiftPackageReference "firebase-ios-sdk" */;
			productName = FirebaseAppCheck;
		};
		6E352D7B2D4683EF0096AC3E /* FirebaseAppDistribution-Beta */ = {
			isa = XCSwiftPackageProductDependency;
			package = 6E352D6F2D46818D0096AC3E /* XCRemoteSwiftPackageReference "firebase-ios-sdk" */;
			productName = "FirebaseAppDistribution-Beta";
		};
		6E352D7D2D4683EF0096AC3E /* FirebaseAuth */ = {
			isa = XCSwiftPackageProductDependency;
			package = 6E352D6F2D46818D0096AC3E /* XCRemoteSwiftPackageReference "firebase-ios-sdk" */;
			productName = FirebaseAuth;
		};
		6E352D7F2D4683EF0096AC3E /* FirebaseAuthCombine-Community */ = {
			isa = XCSwiftPackageProductDependency;
			package = 6E352D6F2D46818D0096AC3E /* XCRemoteSwiftPackageReference "firebase-ios-sdk" */;
			productName = "FirebaseAuthCombine-Community";
		};
		6E352D812D4683EF0096AC3E /* FirebaseCore */ = {
			isa = XCSwiftPackageProductDependency;
			package = 6E352D6F2D46818D0096AC3E /* XCRemoteSwiftPackageReference "firebase-ios-sdk" */;
			productName = FirebaseCore;
		};
		6E352D832D4683EF0096AC3E /* FirebaseCrashlytics */ = {
			isa = XCSwiftPackageProductDependency;
			package = 6E352D6F2D46818D0096AC3E /* XCRemoteSwiftPackageReference "firebase-ios-sdk" */;
			productName = FirebaseCrashlytics;
		};
		6E352D852D4683EF0096AC3E /* FirebaseDatabase */ = {
			isa = XCSwiftPackageProductDependency;
			package = 6E352D6F2D46818D0096AC3E /* XCRemoteSwiftPackageReference "firebase-ios-sdk" */;
			productName = FirebaseDatabase;
		};
		6E352D872D4683EF0096AC3E /* FirebaseDynamicLinks */ = {
			isa = XCSwiftPackageProductDependency;
			package = 6E352D6F2D46818D0096AC3E /* XCRemoteSwiftPackageReference "firebase-ios-sdk" */;
			productName = FirebaseDynamicLinks;
		};
		6E352D892D4683EF0096AC3E /* FirebaseFirestore */ = {
			isa = XCSwiftPackageProductDependency;
			package = 6E352D6F2D46818D0096AC3E /* XCRemoteSwiftPackageReference "firebase-ios-sdk" */;
			productName = FirebaseFirestore;
		};
		6E352D8B2D4683EF0096AC3E /* FirebaseFirestoreCombine-Community */ = {
			isa = XCSwiftPackageProductDependency;
			package = 6E352D6F2D46818D0096AC3E /* XCRemoteSwiftPackageReference "firebase-ios-sdk" */;
			productName = "FirebaseFirestoreCombine-Community";
		};
		6E352D8D2D4683EF0096AC3E /* FirebaseFunctions */ = {
			isa = XCSwiftPackageProductDependency;
			package = 6E352D6F2D46818D0096AC3E /* XCRemoteSwiftPackageReference "firebase-ios-sdk" */;
			productName = FirebaseFunctions;
		};
		6E352D8F2D4683EF0096AC3E /* FirebaseFunctionsCombine-Community */ = {
			isa = XCSwiftPackageProductDependency;
			package = 6E352D6F2D46818D0096AC3E /* XCRemoteSwiftPackageReference "firebase-ios-sdk" */;
			productName = "FirebaseFunctionsCombine-Community";
		};
		6E352D912D4683EF0096AC3E /* FirebaseInAppMessaging-Beta */ = {
			isa = XCSwiftPackageProductDependency;
			package = 6E352D6F2D46818D0096AC3E /* XCRemoteSwiftPackageReference "firebase-ios-sdk" */;
			productName = "FirebaseInAppMessaging-Beta";
		};
		6E352D932D4683EF0096AC3E /* FirebaseInstallations */ = {
			isa = XCSwiftPackageProductDependency;
			package = 6E352D6F2D46818D0096AC3E /* XCRemoteSwiftPackageReference "firebase-ios-sdk" */;
			productName = FirebaseInstallations;
		};
		6E352D952D4683EF0096AC3E /* FirebaseMLModelDownloader */ = {
			isa = XCSwiftPackageProductDependency;
			package = 6E352D6F2D46818D0096AC3E /* XCRemoteSwiftPackageReference "firebase-ios-sdk" */;
			productName = FirebaseMLModelDownloader;
		};
		6E352D972D4683EF0096AC3E /* FirebaseMessaging */ = {
			isa = XCSwiftPackageProductDependency;
			package = 6E352D6F2D46818D0096AC3E /* XCRemoteSwiftPackageReference "firebase-ios-sdk" */;
			productName = FirebaseMessaging;
		};
		6E352D992D4683EF0096AC3E /* FirebasePerformance */ = {
			isa = XCSwiftPackageProductDependency;
			package = 6E352D6F2D46818D0096AC3E /* XCRemoteSwiftPackageReference "firebase-ios-sdk" */;
			productName = FirebasePerformance;
		};
		6E352D9B2D4683EF0096AC3E /* FirebaseRemoteConfig */ = {
			isa = XCSwiftPackageProductDependency;
			package = 6E352D6F2D46818D0096AC3E /* XCRemoteSwiftPackageReference "firebase-ios-sdk" */;
			productName = FirebaseRemoteConfig;
		};
		6E352D9D2D4683EF0096AC3E /* FirebaseStorage */ = {
			isa = XCSwiftPackageProductDependency;
			package = 6E352D6F2D46818D0096AC3E /* XCRemoteSwiftPackageReference "firebase-ios-sdk" */;
			productName = FirebaseStorage;
		};
		6E352D9F2D4683EF0096AC3E /* FirebaseStorageCombine-Community */ = {
			isa = XCSwiftPackageProductDependency;
			package = 6E352D6F2D46818D0096AC3E /* XCRemoteSwiftPackageReference "firebase-ios-sdk" */;
			productName = "FirebaseStorageCombine-Community";
		};
		6E352DA12D4683EF0096AC3E /* FirebaseVertexAI */ = {
			isa = XCSwiftPackageProductDependency;
			package = 6E352D6F2D46818D0096AC3E /* XCRemoteSwiftPackageReference "firebase-ios-sdk" */;
			productName = FirebaseVertexAI;
		};
		6EFF52162D484DCE00BFE462 /* GoogleSignIn */ = {
			isa = XCSwiftPackageProductDependency;
			package = 6EFF52152D484DCE00BFE462 /* XCRemoteSwiftPackageReference "GoogleSignIn-iOS" */;
			productName = GoogleSignIn;
		};
		6EFF52182D484DCE00BFE462 /* GoogleSignInSwift */ = {
			isa = XCSwiftPackageProductDependency;
			package = 6EFF52152D484DCE00BFE462 /* XCRemoteSwiftPackageReference "GoogleSignIn-iOS" */;
			productName = GoogleSignInSwift;
		};
/* End XCSwiftPackageProductDependency section */
	};
	rootObject = 6E352C9B2D4442640096AC3E /* Project object */;
}
